{
  "name": "testprecommithook",
  "version": "1.0.0",
  "lockfileVersion": 3,
  "requires": true,
  "packages": {
    "": {
      "name": "testprecommithook",
      "version": "1.0.0",
      "license": "ISC",
      "blablabla": "blablabla",
      "devDependencies": {
        "husky": "^9.1.5"
      }
    },
    "node_modules/husky": {
      "version": "9.1.5",
      "dev": true,
      "bin": {
        "husky": "bin.js"
      },
      "engines": {
        "node": ">=18"
      },
      "funding": {
        "url": "https://github.com/sponsors/typicode"
      }
    }
  }
}
