{
    "name": "my-app",
    "version": "1.0.0",
    "lockfileVersion": 1,
    "requires": true,
    "packages": {
        "test1": {
            "version": "1.0.0",
            "resolved": "https://otuvy.github.io/my-app",
            "integrity": "sha512-...",
            "dev": true
        },
        "test2" : {
            "version": "1.0.0",
            "resolved": "https://github.io/my-app",
            "integrity": "sha512-...",
            "dev": true
        },
        "resolved": "https://otuvy.github.io/my-app",
        "integrity": "sha512-...",
        "dev": true
    }
}